
Microsoft Visual Studio Solution File, Format Version 12.00
# Visual Studio 15
VisualStudioVersion = 15.0.27703.2035
MinimumVisualStudioVersion = 10.0.40219.1
Project("{FAE04EC0-301F-11D3-BF4B-00C04F79EFBC}") = "Proyecto.DAL", "Proyecto.DAL\Proyecto.DAL.csproj", "{6BEBB70A-B5F0-4284-A7F7-385D45037658}"
EndProject
Project("{FAE04EC0-301F-11D3-BF4B-00C04F79EFBC}") = "Proyecto.DATA", "Proyecto.DATA\Proyecto.DATA.csproj", "{5F2C6604-8428-4438-BBD6-38943BDE0315}"
EndProject
Project("{FAE04EC0-301F-11D3-BF4B-00C04F79EFBC}") = "Proyecto.UI", "Proyecto.UI\Proyecto.UI.csproj", "{C7BD2870-D03A-4E19-8E19-A5D4E918BBC7}"
EndProject
Global
	GlobalSection(SolutionConfigurationPlatforms) = preSolution
		Debug|Any CPU = Debug|Any CPU
		Release|Any CPU = Release|Any CPU
	EndGlobalSection
	GlobalSection(ProjectConfigurationPlatforms) = postSolution
		{6BEBB70A-B5F0-4284-A7F7-385D45037658}.Debug|Any CPU.ActiveCfg = Debug|Any CPU
		{6BEBB70A-B5F0-4284-A7F7-385D45037658}.Debug|Any CPU.Build.0 = Debug|Any CPU
		{6BEBB70A-B5F0-4284-A7F7-385D45037658}.Release|Any CPU.ActiveCfg = Release|Any CPU
		{6BEBB70A-B5F0-4284-A7F7-385D45037658}.Release|Any CPU.Build.0 = Release|Any CPU
		{5F2C6604-8428-4438-BBD6-38943BDE0315}.Debug|Any CPU.ActiveCfg = Debug|Any CPU
		{5F2C6604-8428-4438-BBD6-38943BDE0315}.Debug|Any CPU.Build.0 = Debug|Any CPU
		{5F2C6604-8428-4438-BBD6-38943BDE0315}.Release|Any CPU.ActiveCfg = Release|Any CPU
		{5F2C6604-8428-4438-BBD6-38943BDE0315}.Release|Any CPU.Build.0 = Release|Any CPU
		{C7BD2870-D03A-4E19-8E19-A5D4E918BBC7}.Debug|Any CPU.ActiveCfg = Debug|Any CPU
		{C7BD2870-D03A-4E19-8E19-A5D4E918BBC7}.Debug|Any CPU.Build.0 = Debug|Any CPU
		{C7BD2870-D03A-4E19-8E19-A5D4E918BBC7}.Release|Any CPU.ActiveCfg = Release|Any CPU
		{C7BD2870-D03A-4E19-8E19-A5D4E918BBC7}.Release|Any CPU.Build.0 = Release|Any CPU
	EndGlobalSection
	GlobalSection(SolutionProperties) = preSolution
		HideSolutionNode = FALSE
	EndGlobalSection
	GlobalSection(ExtensibilityGlobals) = postSolution
		SolutionGuid = {3AEBD0D4-8835-499F-8A8D-B240EFAE8A71}
	EndGlobalSection
EndGlobal
